
Microsoft Visual Studio Solution File, Format Version 12.00
# Visual Studio Version 17
VisualStudioVersion = 17.10.35013.160
MinimumVisualStudioVersion = 10.0.40219.1
Project("{FAE04EC0-301F-11D3-BF4B-00C04F79EFBC}") = "CodeFistNET4", "CodeFistNET4\CodeFistNET4.csproj", "{1563C317-DF4F-4A9D-9F84-6A8658A3F5EE}"
EndProject
Global
	GlobalSection(SolutionConfigurationPlatforms) = preSolution
		Debug|Any CPU = Debug|Any CPU
		Release|Any CPU = Release|Any CPU
	EndGlobalSection
	GlobalSection(ProjectConfigurationPlatforms) = postSolution
		{1563C317-DF4F-4A9D-9F84-6A8658A3F5EE}.Debug|Any CPU.ActiveCfg = Debug|Any CPU
		{1563C317-DF4F-4A9D-9F84-6A8658A3F5EE}.Debug|Any CPU.Build.0 = Debug|Any CPU
		{1563C317-DF4F-4A9D-9F84-6A8658A3F5EE}.Release|Any CPU.ActiveCfg = Release|Any CPU
		{1563C317-DF4F-4A9D-9F84-6A8658A3F5EE}.Release|Any CPU.Build.0 = Release|Any CPU
	EndGlobalSection
	GlobalSection(SolutionProperties) = preSolution
		HideSolutionNode = FALSE
	EndGlobalSection
	GlobalSection(ExtensibilityGlobals) = postSolution
		SolutionGuid = {89DA0ED5-AAEA-4F58-BE01-E5E56A37B9F6}
	EndGlobalSection
EndGlobal
